
Microsoft Visual Studio Solution File, Format Version 12.00
# Visual Studio 15
VisualStudioVersion = 15.0.27130.2003
MinimumVisualStudioVersion = 10.0.40219.1
Project("{FAE04EC0-301F-11D3-BF4B-00C04F79EFBC}") = "DZ-5.3", "DZ-5.3\DZ-5.3.csproj", "{6484A04D-1F2A-41B9-AE0A-EB87B71C89CC}"
EndProject
Global
	GlobalSection(SolutionConfigurationPlatforms) = preSolution
		Debug|Any CPU = Debug|Any CPU
		Release|Any CPU = Release|Any CPU
	EndGlobalSection
	GlobalSection(ProjectConfigurationPlatforms) = postSolution
		{6484A04D-1F2A-41B9-AE0A-EB87B71C89CC}.Debug|Any CPU.ActiveCfg = Debug|Any CPU
		{6484A04D-1F2A-41B9-AE0A-EB87B71C89CC}.Debug|Any CPU.Build.0 = Debug|Any CPU
		{6484A04D-1F2A-41B9-AE0A-EB87B71C89CC}.Release|Any CPU.ActiveCfg = Release|Any CPU
		{6484A04D-1F2A-41B9-AE0A-EB87B71C89CC}.Release|Any CPU.Build.0 = Release|Any CPU
	EndGlobalSection
	GlobalSection(SolutionProperties) = preSolution
		HideSolutionNode = FALSE
	EndGlobalSection
	GlobalSection(ExtensibilityGlobals) = postSolution
		SolutionGuid = {478DCFD6-0081-453F-A933-18F9BEF7134F}
	EndGlobalSection
EndGlobal
